{"filter":false,"title":"Gemfile.lock","tooltip":"/workspace/web_app/Gemfile.lock","undoManager":{"mark":-1,"position":-1,"stack":[]},"ace":{"folds":[],"scrolltop":0,"scrollleft":0,"selection":{"start":{"row":0,"column":0},"end":{"row":0,"column":0},"isBackwards":false},"options":{"guessTabSize":true,"useWrapMode":false,"wrapToView":true},"firstLineState":0},"timestamp":1415166029444,"hash":"848a3b117b3f8f56c84d4ce32d33577ecd9cc495"}